
Microsoft Visual Studio Solution File, Format Version 12.00
# Visual Studio Version 16
VisualStudioVersion = 16.0.30320.27
MinimumVisualStudioVersion = 10.0.40219.1
Project("{FAE04EC0-301F-11D3-BF4B-00C04F79EFBC}") = "MeuPrimeiroForms", "MeuPrimeiroForms\MeuPrimeiroForms.csproj", "{F6A13C23-17CA-4926-96CC-19CF2E9DDE52}"
EndProject
Global
	GlobalSection(SolutionConfigurationPlatforms) = preSolution
		Debug|Any CPU = Debug|Any CPU
		Release|Any CPU = Release|Any CPU
	EndGlobalSection
	GlobalSection(ProjectConfigurationPlatforms) = postSolution
		{F6A13C23-17CA-4926-96CC-19CF2E9DDE52}.Debug|Any CPU.ActiveCfg = Debug|Any CPU
		{F6A13C23-17CA-4926-96CC-19CF2E9DDE52}.Debug|Any CPU.Build.0 = Debug|Any CPU
		{F6A13C23-17CA-4926-96CC-19CF2E9DDE52}.Release|Any CPU.ActiveCfg = Release|Any CPU
		{F6A13C23-17CA-4926-96CC-19CF2E9DDE52}.Release|Any CPU.Build.0 = Release|Any CPU
	EndGlobalSection
	GlobalSection(SolutionProperties) = preSolution
		HideSolutionNode = FALSE
	EndGlobalSection
	GlobalSection(ExtensibilityGlobals) = postSolution
		SolutionGuid = {0DFA14A2-69EA-4BF5-BB5D-928A5CEC1D8F}
	EndGlobalSection
EndGlobal
